
Microsoft Visual Studio Solution File, Format Version 12.00
# Visual Studio Version 17
VisualStudioVersion = 17.14.36518.9 d17.14
MinimumVisualStudioVersion = 10.0.40219.1
Project("{FAE04EC0-301F-11D3-BF4B-00C04F79EFBC}") = "ConversorDeUnidades", "ConversorDeUnidades\ConversorDeUnidades.csproj", "{6F705297-C0D7-468A-BB15-90EBEEAB4CD6}"
EndProject
Global
	GlobalSection(SolutionConfigurationPlatforms) = preSolution
		Debug|Any CPU = Debug|Any CPU
		Release|Any CPU = Release|Any CPU
	EndGlobalSection
	GlobalSection(ProjectConfigurationPlatforms) = postSolution
		{6F705297-C0D7-468A-BB15-90EBEEAB4CD6}.Debug|Any CPU.ActiveCfg = Debug|Any CPU
		{6F705297-C0D7-468A-BB15-90EBEEAB4CD6}.Debug|Any CPU.Build.0 = Debug|Any CPU
		{6F705297-C0D7-468A-BB15-90EBEEAB4CD6}.Release|Any CPU.ActiveCfg = Release|Any CPU
		{6F705297-C0D7-468A-BB15-90EBEEAB4CD6}.Release|Any CPU.Build.0 = Release|Any CPU
	EndGlobalSection
	GlobalSection(SolutionProperties) = preSolution
		HideSolutionNode = FALSE
	EndGlobalSection
	GlobalSection(ExtensibilityGlobals) = postSolution
		SolutionGuid = {80C55DAE-07B9-4129-B564-2FDB1172F070}
	EndGlobalSection
EndGlobal
